
Microsoft Visual Studio Solution File, Format Version 12.00
# Visual Studio 14
VisualStudioVersion = 14.0.25420.1
MinimumVisualStudioVersion = 10.0.40219.1
Project("{FAE04EC0-301F-11D3-BF4B-00C04F79EFBC}") = "FirstConnect", "FirstConnect\FirstConnect.csproj", "{A51F591B-4CBC-4031-827F-0E1B45679501}"
EndProject
Project("{FAE04EC0-301F-11D3-BF4B-00C04F79EFBC}") = "FirstPortfolio", "FirstPortfolio\FirstPortfolio.csproj", "{F08418D9-1493-4005-B32D-09C403C6A366}"
EndProject
Project("{FAE04EC0-301F-11D3-BF4B-00C04F79EFBC}") = "FirstSecurity", "FirstSecurity\FirstSecurity.csproj", "{686C9FEA-0FBF-42D1-ACC0-63CB84BE810C}"
EndProject
Project("{FAE04EC0-301F-11D3-BF4B-00C04F79EFBC}") = "FirstMarketData", "FirstMarketData\FirstMarketData.csproj", "{4B403DAA-59A0-4030-A92C-43C8D861F212}"
EndProject
Project("{FAE04EC0-301F-11D3-BF4B-00C04F79EFBC}") = "FirstOrder", "FirtsOrder\FirstOrder.csproj", "{9655BA81-84CE-4297-A541-E10504564236}"
EndProject
Project("{FAE04EC0-301F-11D3-BF4B-00C04F79EFBC}") = "SecurityStorage", "SecurityStorage\SecurityStorage.csproj", "{21D89D85-AABA-4682-94CC-32F44D21EB1A}"
EndProject
Project("{FAE04EC0-301F-11D3-BF4B-00C04F79EFBC}") = "MarketDataRecorder", "MarketDataRecorder\MarketDataRecorder.csproj", "{F2E1FD4B-F09F-4916-8EF3-63F9439B0B89}"
EndProject
Project("{FAE04EC0-301F-11D3-BF4B-00C04F79EFBC}") = "OptionRecoder", "OptionRecoder\OptionRecoder.csproj", "{76E93DBC-8B91-4EA9-9D5B-0AB72516E86F}"
EndProject
Project("{FAE04EC0-301F-11D3-BF4B-00C04F79EFBC}") = "FirstPosition", "FirstPosition\FirstPosition.csproj", "{7EC4793A-C674-43BF-AE2E-235942242386}"
EndProject
Project("{FAE04EC0-301F-11D3-BF4B-00C04F79EFBC}") = "FirstLog", "FirstLog\FirstLog.csproj", "{4B00FD09-EC22-4EC5-9E6D-DAFCD0CC436A}"
EndProject
Project("{FAE04EC0-301F-11D3-BF4B-00C04F79EFBC}") = "FirstCandle", "FirstCandle\FirstCandle.csproj", "{8E6912CB-5F4C-4425-A51B-9A693186DC39}"
EndProject
Project("{FAE04EC0-301F-11D3-BF4B-00C04F79EFBC}") = "FirstChart", "FirstChart\FirstChart.csproj", "{C85A86F4-8627-42B2-A087-4F5F03593680}"
EndProject
Project("{FAE04EC0-301F-11D3-BF4B-00C04F79EFBC}") = "RealTimeEmulation", "RealTimeEmulation\RealTimeEmulation.csproj", "{47CE9A9B-32B8-4072-A188-BCC2CCAAA3A1}"
EndProject
Project("{FAE04EC0-301F-11D3-BF4B-00C04F79EFBC}") = "FirstStorage", "FirstStorage\FirstStorage.csproj", "{7FEFC375-FB93-4F03-9847-C947A6CC333B}"
EndProject
Project("{FAE04EC0-301F-11D3-BF4B-00C04F79EFBC}") = "FirstIndicator", "FirstIndicator\FirstIndicator.csproj", "{34ADE58C-DB0D-436F-8F15-CA8CF9B72DE0}"
EndProject
Project("{FAE04EC0-301F-11D3-BF4B-00C04F79EFBC}") = "SecurityList", "SecurityList\SecurityList.csproj", "{34D2EFEA-1FCF-4C09-934F-9F4392F023A7}"
EndProject
Project("{FAE04EC0-301F-11D3-BF4B-00C04F79EFBC}") = "MoexIndex", "MoexIndex\MoexIndex.csproj", "{73B029D8-AC0B-44EB-AF92-B171BE7BA8E4}"
EndProject
Project("{FAE04EC0-301F-11D3-BF4B-00C04F79EFBC}") = "FinamLoader", "FinamLoader\FinamLoader.csproj", "{17CC68A7-1178-408C-B7BE-A01FEBF5DAB9}"
EndProject
Project("{FAE04EC0-301F-11D3-BF4B-00C04F79EFBC}") = "OpenInterestLoader", "OpenInterestLoader\OpenInterestLoader.csproj", "{D070B2F0-41D3-473C-871A-32BFD6655C99}"
EndProject
Project("{FAE04EC0-301F-11D3-BF4B-00C04F79EFBC}") = "MoexLoader", "MoexLoader\MoexLoader.csproj", "{E8DC499D-312B-4BA2-B040-9DD9A9921932}"
EndProject
Project("{FAE04EC0-301F-11D3-BF4B-00C04F79EFBC}") = "FirstStrategy", "FirstStrategy\FirstStrategy.csproj", "{756423A2-49F1-47E4-8D8B-2949B31573C4}"
EndProject
Project("{FAE04EC0-301F-11D3-BF4B-00C04F79EFBC}") = "General", "General\General.csproj", "{4211C81B-B79C-4988-A11E-26CFBC6726DA}"
EndProject
Global
	GlobalSection(SolutionConfigurationPlatforms) = preSolution
		Debug|Any CPU = Debug|Any CPU
		Release|Any CPU = Release|Any CPU
	EndGlobalSection
	GlobalSection(ProjectConfigurationPlatforms) = postSolution
		{A51F591B-4CBC-4031-827F-0E1B45679501}.Debug|Any CPU.ActiveCfg = Debug|Any CPU
		{A51F591B-4CBC-4031-827F-0E1B45679501}.Debug|Any CPU.Build.0 = Debug|Any CPU
		{A51F591B-4CBC-4031-827F-0E1B45679501}.Release|Any CPU.ActiveCfg = Release|Any CPU
		{A51F591B-4CBC-4031-827F-0E1B45679501}.Release|Any CPU.Build.0 = Release|Any CPU
		{F08418D9-1493-4005-B32D-09C403C6A366}.Debug|Any CPU.ActiveCfg = Debug|Any CPU
		{F08418D9-1493-4005-B32D-09C403C6A366}.Debug|Any CPU.Build.0 = Debug|Any CPU
		{F08418D9-1493-4005-B32D-09C403C6A366}.Release|Any CPU.ActiveCfg = Release|Any CPU
		{F08418D9-1493-4005-B32D-09C403C6A366}.Release|Any CPU.Build.0 = Release|Any CPU
		{686C9FEA-0FBF-42D1-ACC0-63CB84BE810C}.Debug|Any CPU.ActiveCfg = Debug|Any CPU
		{686C9FEA-0FBF-42D1-ACC0-63CB84BE810C}.Debug|Any CPU.Build.0 = Debug|Any CPU
		{686C9FEA-0FBF-42D1-ACC0-63CB84BE810C}.Release|Any CPU.ActiveCfg = Release|Any CPU
		{686C9FEA-0FBF-42D1-ACC0-63CB84BE810C}.Release|Any CPU.Build.0 = Release|Any CPU
		{4B403DAA-59A0-4030-A92C-43C8D861F212}.Debug|Any CPU.ActiveCfg = Debug|Any CPU
		{4B403DAA-59A0-4030-A92C-43C8D861F212}.Debug|Any CPU.Build.0 = Debug|Any CPU
		{4B403DAA-59A0-4030-A92C-43C8D861F212}.Release|Any CPU.ActiveCfg = Release|Any CPU
		{4B403DAA-59A0-4030-A92C-43C8D861F212}.Release|Any CPU.Build.0 = Release|Any CPU
		{9655BA81-84CE-4297-A541-E10504564236}.Debug|Any CPU.ActiveCfg = Debug|Any CPU
		{9655BA81-84CE-4297-A541-E10504564236}.Debug|Any CPU.Build.0 = Debug|Any CPU
		{9655BA81-84CE-4297-A541-E10504564236}.Release|Any CPU.ActiveCfg = Release|Any CPU
		{9655BA81-84CE-4297-A541-E10504564236}.Release|Any CPU.Build.0 = Release|Any CPU
		{21D89D85-AABA-4682-94CC-32F44D21EB1A}.Debug|Any CPU.ActiveCfg = Debug|Any CPU
		{21D89D85-AABA-4682-94CC-32F44D21EB1A}.Debug|Any CPU.Build.0 = Debug|Any CPU
		{21D89D85-AABA-4682-94CC-32F44D21EB1A}.Release|Any CPU.ActiveCfg = Release|Any CPU
		{21D89D85-AABA-4682-94CC-32F44D21EB1A}.Release|Any CPU.Build.0 = Release|Any CPU
		{F2E1FD4B-F09F-4916-8EF3-63F9439B0B89}.Debug|Any CPU.ActiveCfg = Debug|Any CPU
		{F2E1FD4B-F09F-4916-8EF3-63F9439B0B89}.Debug|Any CPU.Build.0 = Debug|Any CPU
		{F2E1FD4B-F09F-4916-8EF3-63F9439B0B89}.Release|Any CPU.ActiveCfg = Release|Any CPU
		{F2E1FD4B-F09F-4916-8EF3-63F9439B0B89}.Release|Any CPU.Build.0 = Release|Any CPU
		{76E93DBC-8B91-4EA9-9D5B-0AB72516E86F}.Debug|Any CPU.ActiveCfg = Debug|Any CPU
		{76E93DBC-8B91-4EA9-9D5B-0AB72516E86F}.Debug|Any CPU.Build.0 = Debug|Any CPU
		{76E93DBC-8B91-4EA9-9D5B-0AB72516E86F}.Release|Any CPU.ActiveCfg = Release|Any CPU
		{76E93DBC-8B91-4EA9-9D5B-0AB72516E86F}.Release|Any CPU.Build.0 = Release|Any CPU
		{7EC4793A-C674-43BF-AE2E-235942242386}.Debug|Any CPU.ActiveCfg = Debug|Any CPU
		{7EC4793A-C674-43BF-AE2E-235942242386}.Debug|Any CPU.Build.0 = Debug|Any CPU
		{7EC4793A-C674-43BF-AE2E-235942242386}.Release|Any CPU.ActiveCfg = Release|Any CPU
		{7EC4793A-C674-43BF-AE2E-235942242386}.Release|Any CPU.Build.0 = Release|Any CPU
		{4B00FD09-EC22-4EC5-9E6D-DAFCD0CC436A}.Debug|Any CPU.ActiveCfg = Debug|Any CPU
		{4B00FD09-EC22-4EC5-9E6D-DAFCD0CC436A}.Debug|Any CPU.Build.0 = Debug|Any CPU
		{4B00FD09-EC22-4EC5-9E6D-DAFCD0CC436A}.Release|Any CPU.ActiveCfg = Release|Any CPU
		{4B00FD09-EC22-4EC5-9E6D-DAFCD0CC436A}.Release|Any CPU.Build.0 = Release|Any CPU
		{8E6912CB-5F4C-4425-A51B-9A693186DC39}.Debug|Any CPU.ActiveCfg = Debug|Any CPU
		{8E6912CB-5F4C-4425-A51B-9A693186DC39}.Debug|Any CPU.Build.0 = Debug|Any CPU
		{8E6912CB-5F4C-4425-A51B-9A693186DC39}.Release|Any CPU.ActiveCfg = Release|Any CPU
		{8E6912CB-5F4C-4425-A51B-9A693186DC39}.Release|Any CPU.Build.0 = Release|Any CPU
		{C85A86F4-8627-42B2-A087-4F5F03593680}.Debug|Any CPU.ActiveCfg = Debug|Any CPU
		{C85A86F4-8627-42B2-A087-4F5F03593680}.Debug|Any CPU.Build.0 = Debug|Any CPU
		{C85A86F4-8627-42B2-A087-4F5F03593680}.Release|Any CPU.ActiveCfg = Release|Any CPU
		{C85A86F4-8627-42B2-A087-4F5F03593680}.Release|Any CPU.Build.0 = Release|Any CPU
		{47CE9A9B-32B8-4072-A188-BCC2CCAAA3A1}.Debug|Any CPU.ActiveCfg = Debug|Any CPU
		{47CE9A9B-32B8-4072-A188-BCC2CCAAA3A1}.Debug|Any CPU.Build.0 = Debug|Any CPU
		{47CE9A9B-32B8-4072-A188-BCC2CCAAA3A1}.Release|Any CPU.ActiveCfg = Release|Any CPU
		{47CE9A9B-32B8-4072-A188-BCC2CCAAA3A1}.Release|Any CPU.Build.0 = Release|Any CPU
		{7FEFC375-FB93-4F03-9847-C947A6CC333B}.Debug|Any CPU.ActiveCfg = Debug|Any CPU
		{7FEFC375-FB93-4F03-9847-C947A6CC333B}.Debug|Any CPU.Build.0 = Debug|Any CPU
		{7FEFC375-FB93-4F03-9847-C947A6CC333B}.Release|Any CPU.ActiveCfg = Release|Any CPU
		{7FEFC375-FB93-4F03-9847-C947A6CC333B}.Release|Any CPU.Build.0 = Release|Any CPU
		{34ADE58C-DB0D-436F-8F15-CA8CF9B72DE0}.Debug|Any CPU.ActiveCfg = Debug|Any CPU
		{34ADE58C-DB0D-436F-8F15-CA8CF9B72DE0}.Debug|Any CPU.Build.0 = Debug|Any CPU
		{34ADE58C-DB0D-436F-8F15-CA8CF9B72DE0}.Release|Any CPU.ActiveCfg = Release|Any CPU
		{34ADE58C-DB0D-436F-8F15-CA8CF9B72DE0}.Release|Any CPU.Build.0 = Release|Any CPU
		{34D2EFEA-1FCF-4C09-934F-9F4392F023A7}.Debug|Any CPU.ActiveCfg = Debug|Any CPU
		{34D2EFEA-1FCF-4C09-934F-9F4392F023A7}.Debug|Any CPU.Build.0 = Debug|Any CPU
		{34D2EFEA-1FCF-4C09-934F-9F4392F023A7}.Release|Any CPU.ActiveCfg = Release|Any CPU
		{34D2EFEA-1FCF-4C09-934F-9F4392F023A7}.Release|Any CPU.Build.0 = Release|Any CPU
		{73B029D8-AC0B-44EB-AF92-B171BE7BA8E4}.Debug|Any CPU.ActiveCfg = Debug|Any CPU
		{73B029D8-AC0B-44EB-AF92-B171BE7BA8E4}.Debug|Any CPU.Build.0 = Debug|Any CPU
		{73B029D8-AC0B-44EB-AF92-B171BE7BA8E4}.Release|Any CPU.ActiveCfg = Release|Any CPU
		{73B029D8-AC0B-44EB-AF92-B171BE7BA8E4}.Release|Any CPU.Build.0 = Release|Any CPU
		{17CC68A7-1178-408C-B7BE-A01FEBF5DAB9}.Debug|Any CPU.ActiveCfg = Debug|Any CPU
		{17CC68A7-1178-408C-B7BE-A01FEBF5DAB9}.Debug|Any CPU.Build.0 = Debug|Any CPU
		{17CC68A7-1178-408C-B7BE-A01FEBF5DAB9}.Release|Any CPU.ActiveCfg = Release|Any CPU
		{17CC68A7-1178-408C-B7BE-A01FEBF5DAB9}.Release|Any CPU.Build.0 = Release|Any CPU
		{D070B2F0-41D3-473C-871A-32BFD6655C99}.Debug|Any CPU.ActiveCfg = Debug|Any CPU
		{D070B2F0-41D3-473C-871A-32BFD6655C99}.Debug|Any CPU.Build.0 = Debug|Any CPU
		{D070B2F0-41D3-473C-871A-32BFD6655C99}.Release|Any CPU.ActiveCfg = Release|Any CPU
		{D070B2F0-41D3-473C-871A-32BFD6655C99}.Release|Any CPU.Build.0 = Release|Any CPU
		{E8DC499D-312B-4BA2-B040-9DD9A9921932}.Debug|Any CPU.ActiveCfg = Debug|Any CPU
		{E8DC499D-312B-4BA2-B040-9DD9A9921932}.Debug|Any CPU.Build.0 = Debug|Any CPU
		{E8DC499D-312B-4BA2-B040-9DD9A9921932}.Release|Any CPU.ActiveCfg = Release|Any CPU
		{E8DC499D-312B-4BA2-B040-9DD9A9921932}.Release|Any CPU.Build.0 = Release|Any CPU
		{756423A2-49F1-47E4-8D8B-2949B31573C4}.Debug|Any CPU.ActiveCfg = Debug|Any CPU
		{756423A2-49F1-47E4-8D8B-2949B31573C4}.Debug|Any CPU.Build.0 = Debug|Any CPU
		{756423A2-49F1-47E4-8D8B-2949B31573C4}.Release|Any CPU.ActiveCfg = Release|Any CPU
		{756423A2-49F1-47E4-8D8B-2949B31573C4}.Release|Any CPU.Build.0 = Release|Any CPU
		{4211C81B-B79C-4988-A11E-26CFBC6726DA}.Debug|Any CPU.ActiveCfg = Debug|Any CPU
		{4211C81B-B79C-4988-A11E-26CFBC6726DA}.Debug|Any CPU.Build.0 = Debug|Any CPU
		{4211C81B-B79C-4988-A11E-26CFBC6726DA}.Release|Any CPU.ActiveCfg = Release|Any CPU
		{4211C81B-B79C-4988-A11E-26CFBC6726DA}.Release|Any CPU.Build.0 = Release|Any CPU
	EndGlobalSection
	GlobalSection(SolutionProperties) = preSolution
		HideSolutionNode = FALSE
	EndGlobalSection
EndGlobal
